
Microsoft Visual Studio Solution File, Format Version 12.00
# Visual Studio Version 17
VisualStudioVersion = 17.11.35222.181
MinimumVisualStudioVersion = 10.0.40219.1
Project("{9A19103F-16F7-4668-BE54-9A1E7A4F7556}") = "hotelDbRazerPage", "hotelDbRazerPage\hotelDbRazerPage.csproj", "{FFB88194-81F8-497B-B794-8852B6D5FC7A}"
EndProject
Global
	GlobalSection(SolutionConfigurationPlatforms) = preSolution
		Debug|Any CPU = Debug|Any CPU
		Release|Any CPU = Release|Any CPU
	EndGlobalSection
	GlobalSection(ProjectConfigurationPlatforms) = postSolution
		{FFB88194-81F8-497B-B794-8852B6D5FC7A}.Debug|Any CPU.ActiveCfg = Debug|Any CPU
		{FFB88194-81F8-497B-B794-8852B6D5FC7A}.Debug|Any CPU.Build.0 = Debug|Any CPU
		{FFB88194-81F8-497B-B794-8852B6D5FC7A}.Release|Any CPU.ActiveCfg = Release|Any CPU
		{FFB88194-81F8-497B-B794-8852B6D5FC7A}.Release|Any CPU.Build.0 = Release|Any CPU
	EndGlobalSection
	GlobalSection(SolutionProperties) = preSolution
		HideSolutionNode = FALSE
	EndGlobalSection
	GlobalSection(ExtensibilityGlobals) = postSolution
		SolutionGuid = {9B603612-D08B-4619-8721-4D1A8623B168}
	EndGlobalSection
EndGlobal
